
Microsoft Visual Studio Solution File, Format Version 12.00
# Visual Studio Version 17
VisualStudioVersion = 17.0.31903.59
MinimumVisualStudioVersion = 10.0.40219.1
Project("{2150E333-8FDC-42A3-9474-1A3956D46DE8}") = "Source", "Source", "{B8EFCA5F-814F-285C-A8CB-F00F14650265}"
EndProject
Project("{FAE04EC0-301F-11D3-BF4B-00C04F79EFBC}") = "Vinder.Comanda.Subscriptions.Domain", "Source\Vinder.Comanda.Subscriptions.Domain\Vinder.Comanda.Subscriptions.Domain.csproj", "{C7293B3C-E854-443D-8BB8-D79A81380162}"
EndProject
Project("{FAE04EC0-301F-11D3-BF4B-00C04F79EFBC}") = "Vinder.Comanda.Subscriptions.Application", "Source\Vinder.Comanda.Subscriptions.Application\Vinder.Comanda.Subscriptions.Application.csproj", "{5B4760C0-F3BD-4837-8D1B-19E59A13BDDF}"
EndProject
Project("{FAE04EC0-301F-11D3-BF4B-00C04F79EFBC}") = "Vinder.Comanda.Subscriptions.Infrastructure", "Source\Vinder.Comanda.Subscriptions.Infrastructure\Vinder.Comanda.Subscriptions.Infrastructure.csproj", "{31C332BD-1EA3-4A7B-B737-BCB46C78AFF3}"
EndProject
Project("{FAE04EC0-301F-11D3-BF4B-00C04F79EFBC}") = "Vinder.Comanda.Subscriptions.Infrastructure.IoC", "Source\Vinder.Comanda.Subscriptions.Infrastructure.IoC\Vinder.Comanda.Subscriptions.Infrastructure.IoC.csproj", "{329A734D-2607-40FD-9ED2-3BF7ABEC2A14}"
EndProject
Project("{FAE04EC0-301F-11D3-BF4B-00C04F79EFBC}") = "Vinder.Comanda.Subscriptions.WebApi", "Source\Vinder.Comanda.Subscriptions.WebApi\Vinder.Comanda.Subscriptions.WebApi.csproj", "{37A746D8-CD9D-449A-AB1B-2C02F5366694}"
EndProject
Project("{FAE04EC0-301F-11D3-BF4B-00C04F79EFBC}") = "Vinder.Comanda.Subscriptions.CrossCutting", "Source\Vinder.Comanda.Subscriptions.CrossCutting\Vinder.Comanda.Subscriptions.CrossCutting.csproj", "{F218FF09-497E-4E48-A960-2BE2A0FD38F1}"
EndProject
Project("{2150E333-8FDC-42A3-9474-1A3956D46DE8}") = "Tests", "Tests", "{0AB3BF05-4346-4AA6-1389-037BE0695223}"
EndProject
Project("{FAE04EC0-301F-11D3-BF4B-00C04F79EFBC}") = "Vinder.Comanda.Subscriptions.TestSuite", "Tests\Vinder.Comanda.Subscriptions.TestSuite.csproj", "{8434AF6E-FEDA-4692-A448-720429C00800}"
EndProject
Global
	GlobalSection(SolutionConfigurationPlatforms) = preSolution
		Debug|Any CPU = Debug|Any CPU
		Debug|x64 = Debug|x64
		Debug|x86 = Debug|x86
		Release|Any CPU = Release|Any CPU
		Release|x64 = Release|x64
		Release|x86 = Release|x86
	EndGlobalSection
	GlobalSection(ProjectConfigurationPlatforms) = postSolution
		{C7293B3C-E854-443D-8BB8-D79A81380162}.Debug|Any CPU.ActiveCfg = Debug|Any CPU
		{C7293B3C-E854-443D-8BB8-D79A81380162}.Debug|Any CPU.Build.0 = Debug|Any CPU
		{C7293B3C-E854-443D-8BB8-D79A81380162}.Debug|x64.ActiveCfg = Debug|Any CPU
		{C7293B3C-E854-443D-8BB8-D79A81380162}.Debug|x64.Build.0 = Debug|Any CPU
		{C7293B3C-E854-443D-8BB8-D79A81380162}.Debug|x86.ActiveCfg = Debug|Any CPU
		{C7293B3C-E854-443D-8BB8-D79A81380162}.Debug|x86.Build.0 = Debug|Any CPU
		{C7293B3C-E854-443D-8BB8-D79A81380162}.Release|Any CPU.ActiveCfg = Release|Any CPU
		{C7293B3C-E854-443D-8BB8-D79A81380162}.Release|Any CPU.Build.0 = Release|Any CPU
		{C7293B3C-E854-443D-8BB8-D79A81380162}.Release|x64.ActiveCfg = Release|Any CPU
		{C7293B3C-E854-443D-8BB8-D79A81380162}.Release|x64.Build.0 = Release|Any CPU
		{C7293B3C-E854-443D-8BB8-D79A81380162}.Release|x86.ActiveCfg = Release|Any CPU
		{C7293B3C-E854-443D-8BB8-D79A81380162}.Release|x86.Build.0 = Release|Any CPU
		{5B4760C0-F3BD-4837-8D1B-19E59A13BDDF}.Debug|Any CPU.ActiveCfg = Debug|Any CPU
		{5B4760C0-F3BD-4837-8D1B-19E59A13BDDF}.Debug|Any CPU.Build.0 = Debug|Any CPU
		{5B4760C0-F3BD-4837-8D1B-19E59A13BDDF}.Debug|x64.ActiveCfg = Debug|Any CPU
		{5B4760C0-F3BD-4837-8D1B-19E59A13BDDF}.Debug|x64.Build.0 = Debug|Any CPU
		{5B4760C0-F3BD-4837-8D1B-19E59A13BDDF}.Debug|x86.ActiveCfg = Debug|Any CPU
		{5B4760C0-F3BD-4837-8D1B-19E59A13BDDF}.Debug|x86.Build.0 = Debug|Any CPU
		{5B4760C0-F3BD-4837-8D1B-19E59A13BDDF}.Release|Any CPU.ActiveCfg = Release|Any CPU
		{5B4760C0-F3BD-4837-8D1B-19E59A13BDDF}.Release|Any CPU.Build.0 = Release|Any CPU
		{5B4760C0-F3BD-4837-8D1B-19E59A13BDDF}.Release|x64.ActiveCfg = Release|Any CPU
		{5B4760C0-F3BD-4837-8D1B-19E59A13BDDF}.Release|x64.Build.0 = Release|Any CPU
		{5B4760C0-F3BD-4837-8D1B-19E59A13BDDF}.Release|x86.ActiveCfg = Release|Any CPU
		{5B4760C0-F3BD-4837-8D1B-19E59A13BDDF}.Release|x86.Build.0 = Release|Any CPU
		{31C332BD-1EA3-4A7B-B737-BCB46C78AFF3}.Debug|Any CPU.ActiveCfg = Debug|Any CPU
		{31C332BD-1EA3-4A7B-B737-BCB46C78AFF3}.Debug|Any CPU.Build.0 = Debug|Any CPU
		{31C332BD-1EA3-4A7B-B737-BCB46C78AFF3}.Debug|x64.ActiveCfg = Debug|Any CPU
		{31C332BD-1EA3-4A7B-B737-BCB46C78AFF3}.Debug|x64.Build.0 = Debug|Any CPU
		{31C332BD-1EA3-4A7B-B737-BCB46C78AFF3}.Debug|x86.ActiveCfg = Debug|Any CPU
		{31C332BD-1EA3-4A7B-B737-BCB46C78AFF3}.Debug|x86.Build.0 = Debug|Any CPU
		{31C332BD-1EA3-4A7B-B737-BCB46C78AFF3}.Release|Any CPU.ActiveCfg = Release|Any CPU
		{31C332BD-1EA3-4A7B-B737-BCB46C78AFF3}.Release|Any CPU.Build.0 = Release|Any CPU
		{31C332BD-1EA3-4A7B-B737-BCB46C78AFF3}.Release|x64.ActiveCfg = Release|Any CPU
		{31C332BD-1EA3-4A7B-B737-BCB46C78AFF3}.Release|x64.Build.0 = Release|Any CPU
		{31C332BD-1EA3-4A7B-B737-BCB46C78AFF3}.Release|x86.ActiveCfg = Release|Any CPU
		{31C332BD-1EA3-4A7B-B737-BCB46C78AFF3}.Release|x86.Build.0 = Release|Any CPU
		{329A734D-2607-40FD-9ED2-3BF7ABEC2A14}.Debug|Any CPU.ActiveCfg = Debug|Any CPU
		{329A734D-2607-40FD-9ED2-3BF7ABEC2A14}.Debug|Any CPU.Build.0 = Debug|Any CPU
		{329A734D-2607-40FD-9ED2-3BF7ABEC2A14}.Debug|x64.ActiveCfg = Debug|Any CPU
		{329A734D-2607-40FD-9ED2-3BF7ABEC2A14}.Debug|x64.Build.0 = Debug|Any CPU
		{329A734D-2607-40FD-9ED2-3BF7ABEC2A14}.Debug|x86.ActiveCfg = Debug|Any CPU
		{329A734D-2607-40FD-9ED2-3BF7ABEC2A14}.Debug|x86.Build.0 = Debug|Any CPU
		{329A734D-2607-40FD-9ED2-3BF7ABEC2A14}.Release|Any CPU.ActiveCfg = Release|Any CPU
		{329A734D-2607-40FD-9ED2-3BF7ABEC2A14}.Release|Any CPU.Build.0 = Release|Any CPU
		{329A734D-2607-40FD-9ED2-3BF7ABEC2A14}.Release|x64.ActiveCfg = Release|Any CPU
		{329A734D-2607-40FD-9ED2-3BF7ABEC2A14}.Release|x64.Build.0 = Release|Any CPU
		{329A734D-2607-40FD-9ED2-3BF7ABEC2A14}.Release|x86.ActiveCfg = Release|Any CPU
		{329A734D-2607-40FD-9ED2-3BF7ABEC2A14}.Release|x86.Build.0 = Release|Any CPU
		{37A746D8-CD9D-449A-AB1B-2C02F5366694}.Debug|Any CPU.ActiveCfg = Debug|Any CPU
		{37A746D8-CD9D-449A-AB1B-2C02F5366694}.Debug|Any CPU.Build.0 = Debug|Any CPU
		{37A746D8-CD9D-449A-AB1B-2C02F5366694}.Debug|x64.ActiveCfg = Debug|Any CPU
		{37A746D8-CD9D-449A-AB1B-2C02F5366694}.Debug|x64.Build.0 = Debug|Any CPU
		{37A746D8-CD9D-449A-AB1B-2C02F5366694}.Debug|x86.ActiveCfg = Debug|Any CPU
		{37A746D8-CD9D-449A-AB1B-2C02F5366694}.Debug|x86.Build.0 = Debug|Any CPU
		{37A746D8-CD9D-449A-AB1B-2C02F5366694}.Release|Any CPU.ActiveCfg = Release|Any CPU
		{37A746D8-CD9D-449A-AB1B-2C02F5366694}.Release|Any CPU.Build.0 = Release|Any CPU
		{37A746D8-CD9D-449A-AB1B-2C02F5366694}.Release|x64.ActiveCfg = Release|Any CPU
		{37A746D8-CD9D-449A-AB1B-2C02F5366694}.Release|x64.Build.0 = Release|Any CPU
		{37A746D8-CD9D-449A-AB1B-2C02F5366694}.Release|x86.ActiveCfg = Release|Any CPU
		{37A746D8-CD9D-449A-AB1B-2C02F5366694}.Release|x86.Build.0 = Release|Any CPU
		{F218FF09-497E-4E48-A960-2BE2A0FD38F1}.Debug|Any CPU.ActiveCfg = Debug|Any CPU
		{F218FF09-497E-4E48-A960-2BE2A0FD38F1}.Debug|Any CPU.Build.0 = Debug|Any CPU
		{F218FF09-497E-4E48-A960-2BE2A0FD38F1}.Debug|x64.ActiveCfg = Debug|Any CPU
		{F218FF09-497E-4E48-A960-2BE2A0FD38F1}.Debug|x64.Build.0 = Debug|Any CPU
		{F218FF09-497E-4E48-A960-2BE2A0FD38F1}.Debug|x86.ActiveCfg = Debug|Any CPU
		{F218FF09-497E-4E48-A960-2BE2A0FD38F1}.Debug|x86.Build.0 = Debug|Any CPU
		{F218FF09-497E-4E48-A960-2BE2A0FD38F1}.Release|Any CPU.ActiveCfg = Release|Any CPU
		{F218FF09-497E-4E48-A960-2BE2A0FD38F1}.Release|Any CPU.Build.0 = Release|Any CPU
		{F218FF09-497E-4E48-A960-2BE2A0FD38F1}.Release|x64.ActiveCfg = Release|Any CPU
		{F218FF09-497E-4E48-A960-2BE2A0FD38F1}.Release|x64.Build.0 = Release|Any CPU
		{F218FF09-497E-4E48-A960-2BE2A0FD38F1}.Release|x86.ActiveCfg = Release|Any CPU
		{F218FF09-497E-4E48-A960-2BE2A0FD38F1}.Release|x86.Build.0 = Release|Any CPU
		{8434AF6E-FEDA-4692-A448-720429C00800}.Debug|Any CPU.ActiveCfg = Debug|Any CPU
		{8434AF6E-FEDA-4692-A448-720429C00800}.Debug|Any CPU.Build.0 = Debug|Any CPU
		{8434AF6E-FEDA-4692-A448-720429C00800}.Debug|x64.ActiveCfg = Debug|Any CPU
		{8434AF6E-FEDA-4692-A448-720429C00800}.Debug|x64.Build.0 = Debug|Any CPU
		{8434AF6E-FEDA-4692-A448-720429C00800}.Debug|x86.ActiveCfg = Debug|Any CPU
		{8434AF6E-FEDA-4692-A448-720429C00800}.Debug|x86.Build.0 = Debug|Any CPU
		{8434AF6E-FEDA-4692-A448-720429C00800}.Release|Any CPU.ActiveCfg = Release|Any CPU
		{8434AF6E-FEDA-4692-A448-720429C00800}.Release|Any CPU.Build.0 = Release|Any CPU
		{8434AF6E-FEDA-4692-A448-720429C00800}.Release|x64.ActiveCfg = Release|Any CPU
		{8434AF6E-FEDA-4692-A448-720429C00800}.Release|x64.Build.0 = Release|Any CPU
		{8434AF6E-FEDA-4692-A448-720429C00800}.Release|x86.ActiveCfg = Release|Any CPU
		{8434AF6E-FEDA-4692-A448-720429C00800}.Release|x86.Build.0 = Release|Any CPU
	EndGlobalSection
	GlobalSection(SolutionProperties) = preSolution
		HideSolutionNode = FALSE
	EndGlobalSection
	GlobalSection(NestedProjects) = preSolution
		{C7293B3C-E854-443D-8BB8-D79A81380162} = {B8EFCA5F-814F-285C-A8CB-F00F14650265}
		{5B4760C0-F3BD-4837-8D1B-19E59A13BDDF} = {B8EFCA5F-814F-285C-A8CB-F00F14650265}
		{31C332BD-1EA3-4A7B-B737-BCB46C78AFF3} = {B8EFCA5F-814F-285C-A8CB-F00F14650265}
		{329A734D-2607-40FD-9ED2-3BF7ABEC2A14} = {B8EFCA5F-814F-285C-A8CB-F00F14650265}
		{37A746D8-CD9D-449A-AB1B-2C02F5366694} = {B8EFCA5F-814F-285C-A8CB-F00F14650265}
		{F218FF09-497E-4E48-A960-2BE2A0FD38F1} = {B8EFCA5F-814F-285C-A8CB-F00F14650265}
		{8434AF6E-FEDA-4692-A448-720429C00800} = {0AB3BF05-4346-4AA6-1389-037BE0695223}
	EndGlobalSection
EndGlobal
